{
    __meta__ = {
        version = "1.0"
    },
    ["windows|x64"] = {
        ["cmake#f56260b5"] = {
            repo = {
                branch = "master",
                commit = "3a3468812c7cea1482d114361c40034c3db07274",
                url = "https://github.com/xmake-io/xmake-repo.git"
            },
            version = "4.2.3"
        },
        ["directxmath 2024.02#f56260b5"] = {
            repo = {
                branch = "master",
                commit = "3a3468812c7cea1482d114361c40034c3db07274",
                url = "https://github.com/xmake-io/xmake-repo.git"
            },
            version = "2024.02"
        },
        ["directxtk 24.2.0#f56260b5"] = {
            repo = {
                branch = "master",
                commit = "3a3468812c7cea1482d114361c40034c3db07274",
                url = "https://github.com/xmake-io/xmake-repo.git"
            },
            version = "24.2.0"
        },
        ["glm#f56260b5"] = {
            repo = {
                branch = "master",
                commit = "3a3468812c7cea1482d114361c40034c3db07274",
                url = "https://github.com/xmake-io/xmake-repo.git"
            },
            version = "1.0.3"
        },
        ["magic_enum#f56260b5"] = {
            repo = {
                branch = "master",
                commit = "3a3468812c7cea1482d114361c40034c3db07274",
                url = "https://github.com/xmake-io/xmake-repo.git"
            },
            version = "v0.9.7"
        },
        ["ninja#f56260b5"] = {
            repo = {
                branch = "master",
                commit = "3a3468812c7cea1482d114361c40034c3db07274",
                url = "https://github.com/xmake-io/xmake-repo.git"
            },
            version = "v1.13.1"
        },
        ["nlohmann_json#f56260b5"] = {
            repo = {
                branch = "master",
                commit = "3a3468812c7cea1482d114361c40034c3db07274",
                url = "https://github.com/xmake-io/xmake-repo.git"
            },
            version = "v3.12.0"
        },
        ["rapidcsv v8.92#f56260b5"] = {
            repo = {
                branch = "master",
                commit = "3a3468812c7cea1482d114361c40034c3db07274",
                url = "https://github.com/xmake-io/xmake-repo.git"
            },
            version = "v8.92"
        },
        ["simpleini#f56260b5"] = {
            repo = {
                branch = "master",
                commit = "3a3468812c7cea1482d114361c40034c3db07274",
                url = "https://github.com/xmake-io/xmake-repo.git"
            },
            version = "v4.25"
        },
        ["spdlog v1.16.0#09c8c173"] = {
            repo = {
                branch = "master",
                commit = "3a3468812c7cea1482d114361c40034c3db07274",
                url = "https://github.com/xmake-io/xmake-repo.git"
            },
            version = "v1.16.0"
        },
        ["yaml-cpp#f56260b5"] = {
            repo = {
                branch = "master",
                commit = "3a3468812c7cea1482d114361c40034c3db07274",
                url = "https://github.com/xmake-io/xmake-repo.git"
            },
            version = "0.8.0"
        }
    }
}